
Microsoft Visual Studio Solution File, Format Version 12.00
# Visual Studio Version 16
VisualStudioVersion = 16.0.29728.190
MinimumVisualStudioVersion = 10.0.40219.1
Project("{FAE04EC0-301F-11D3-BF4B-00C04F79EFBC}") = "GesCMS", "GesCMS\GesCMS.csproj", "{BDC4966B-3546-42DF-81BA-0F5DC0B0525E}"
EndProject
Project("{FAE04EC0-301F-11D3-BF4B-00C04F79EFBC}") = "GesCMS.Data", "GesCMS.Data\GesCMS.Data.csproj", "{6716DF8D-4489-4F8C-AE6C-113DD170A1A5}"
EndProject
Project("{FAE04EC0-301F-11D3-BF4B-00C04F79EFBC}") = "GesCMS.Repository", "GesCMS.Repository\GesCMS.Repository.csproj", "{BA645828-7D7B-45F3-9AA7-C5B498CE4BFF}"
EndProject
Project("{FAE04EC0-301F-11D3-BF4B-00C04F79EFBC}") = "GesCMS.Services", "GesCMS.Services\GesCMS.Services.csproj", "{BED3CDD9-93B6-4204-9BD4-652BAE66823D}"
EndProject
Project("{FAE04EC0-301F-11D3-BF4B-00C04F79EFBC}") = "GesCMS.ViewModels", "GesCMS.ViewModels\GesCMS.ViewModels.csproj", "{03B7E61D-60B5-417F-9027-68BC908FD63A}"
EndProject
Global
	GlobalSection(SolutionConfigurationPlatforms) = preSolution
		Debug|Any CPU = Debug|Any CPU
		Release|Any CPU = Release|Any CPU
	EndGlobalSection
	GlobalSection(ProjectConfigurationPlatforms) = postSolution
		{BDC4966B-3546-42DF-81BA-0F5DC0B0525E}.Debug|Any CPU.ActiveCfg = Debug|Any CPU
		{BDC4966B-3546-42DF-81BA-0F5DC0B0525E}.Debug|Any CPU.Build.0 = Debug|Any CPU
		{BDC4966B-3546-42DF-81BA-0F5DC0B0525E}.Release|Any CPU.ActiveCfg = Release|Any CPU
		{BDC4966B-3546-42DF-81BA-0F5DC0B0525E}.Release|Any CPU.Build.0 = Release|Any CPU
		{6716DF8D-4489-4F8C-AE6C-113DD170A1A5}.Debug|Any CPU.ActiveCfg = Debug|Any CPU
		{6716DF8D-4489-4F8C-AE6C-113DD170A1A5}.Debug|Any CPU.Build.0 = Debug|Any CPU
		{6716DF8D-4489-4F8C-AE6C-113DD170A1A5}.Release|Any CPU.ActiveCfg = Release|Any CPU
		{6716DF8D-4489-4F8C-AE6C-113DD170A1A5}.Release|Any CPU.Build.0 = Release|Any CPU
		{BA645828-7D7B-45F3-9AA7-C5B498CE4BFF}.Debug|Any CPU.ActiveCfg = Debug|Any CPU
		{BA645828-7D7B-45F3-9AA7-C5B498CE4BFF}.Debug|Any CPU.Build.0 = Debug|Any CPU
		{BA645828-7D7B-45F3-9AA7-C5B498CE4BFF}.Release|Any CPU.ActiveCfg = Release|Any CPU
		{BA645828-7D7B-45F3-9AA7-C5B498CE4BFF}.Release|Any CPU.Build.0 = Release|Any CPU
		{BED3CDD9-93B6-4204-9BD4-652BAE66823D}.Debug|Any CPU.ActiveCfg = Debug|Any CPU
		{BED3CDD9-93B6-4204-9BD4-652BAE66823D}.Debug|Any CPU.Build.0 = Debug|Any CPU
		{BED3CDD9-93B6-4204-9BD4-652BAE66823D}.Release|Any CPU.ActiveCfg = Release|Any CPU
		{BED3CDD9-93B6-4204-9BD4-652BAE66823D}.Release|Any CPU.Build.0 = Release|Any CPU
		{03B7E61D-60B5-417F-9027-68BC908FD63A}.Debug|Any CPU.ActiveCfg = Debug|Any CPU
		{03B7E61D-60B5-417F-9027-68BC908FD63A}.Debug|Any CPU.Build.0 = Debug|Any CPU
		{03B7E61D-60B5-417F-9027-68BC908FD63A}.Release|Any CPU.ActiveCfg = Release|Any CPU
		{03B7E61D-60B5-417F-9027-68BC908FD63A}.Release|Any CPU.Build.0 = Release|Any CPU
	EndGlobalSection
	GlobalSection(SolutionProperties) = preSolution
		HideSolutionNode = FALSE
	EndGlobalSection
	GlobalSection(ExtensibilityGlobals) = postSolution
		SolutionGuid = {935F406A-D4AE-463B-B2D3-1A45ED61DDE0}
	EndGlobalSection
EndGlobal
