
Microsoft Visual Studio Solution File, Format Version 12.00
# Visual Studio Version 16
VisualStudioVersion = 16.0.29728.190
MinimumVisualStudioVersion = 10.0.40219.1
Project("{2150E333-8FDC-42A3-9474-1A3956D46DE8}") = "src", "src", "{3CFEA555-B2DA-4724-B2CC-ADAA3A64B4DE}"
EndProject
Project("{FAE04EC0-301F-11D3-BF4B-00C04F79EFBC}") = "GesCMS.Common", "src\GesCMS.Common\GesCMS.Common.csproj", "{B8E6D01F-78F3-46E6-B015-6525989E15D5}"
EndProject
Project("{FAE04EC0-301F-11D3-BF4B-00C04F79EFBC}") = "GesCMS.Models", "src\GesCMS.Models\GesCMS.Models.csproj", "{DD84C3F6-FAC7-48F1-BBFB-30F475105633}"
EndProject
Project("{FAE04EC0-301F-11D3-BF4B-00C04F79EFBC}") = "GesCMS.Repositories", "src\GesCMS.Repositories\GesCMS.Repositories.csproj", "{FAF5C64A-BD43-41DD-8174-757ED862908E}"
EndProject
Project("{FAE04EC0-301F-11D3-BF4B-00C04F79EFBC}") = "GesCMS.Services", "src\GesCMS.Services\GesCMS.Services.csproj", "{EE04B075-C521-4D1F-97DB-69ADABE1D12A}"
EndProject
Project("{FAE04EC0-301F-11D3-BF4B-00C04F79EFBC}") = "GesCMS.ViewModels", "src\GesCMS.ViewModels\GesCMS.ViewModels.csproj", "{AFC2DE93-CE12-4D0B-BFE1-D01048748C44}"
EndProject
Project("{FAE04EC0-301F-11D3-BF4B-00C04F79EFBC}") = "GesCMS.WebApi", "src\GesCMS.WebApi\GesCMS.WebApi.csproj", "{BE460FAA-B1DF-4C52-A181-941B4EC5CD89}"
EndProject
Global
	GlobalSection(SolutionConfigurationPlatforms) = preSolution
		Debug|Any CPU = Debug|Any CPU
		Release|Any CPU = Release|Any CPU
	EndGlobalSection
	GlobalSection(ProjectConfigurationPlatforms) = postSolution
		{B8E6D01F-78F3-46E6-B015-6525989E15D5}.Debug|Any CPU.ActiveCfg = Debug|Any CPU
		{B8E6D01F-78F3-46E6-B015-6525989E15D5}.Debug|Any CPU.Build.0 = Debug|Any CPU
		{B8E6D01F-78F3-46E6-B015-6525989E15D5}.Release|Any CPU.ActiveCfg = Release|Any CPU
		{B8E6D01F-78F3-46E6-B015-6525989E15D5}.Release|Any CPU.Build.0 = Release|Any CPU
		{DD84C3F6-FAC7-48F1-BBFB-30F475105633}.Debug|Any CPU.ActiveCfg = Debug|Any CPU
		{DD84C3F6-FAC7-48F1-BBFB-30F475105633}.Debug|Any CPU.Build.0 = Debug|Any CPU
		{DD84C3F6-FAC7-48F1-BBFB-30F475105633}.Release|Any CPU.ActiveCfg = Release|Any CPU
		{DD84C3F6-FAC7-48F1-BBFB-30F475105633}.Release|Any CPU.Build.0 = Release|Any CPU
		{FAF5C64A-BD43-41DD-8174-757ED862908E}.Debug|Any CPU.ActiveCfg = Debug|Any CPU
		{FAF5C64A-BD43-41DD-8174-757ED862908E}.Debug|Any CPU.Build.0 = Debug|Any CPU
		{FAF5C64A-BD43-41DD-8174-757ED862908E}.Release|Any CPU.ActiveCfg = Release|Any CPU
		{FAF5C64A-BD43-41DD-8174-757ED862908E}.Release|Any CPU.Build.0 = Release|Any CPU
		{EE04B075-C521-4D1F-97DB-69ADABE1D12A}.Debug|Any CPU.ActiveCfg = Debug|Any CPU
		{EE04B075-C521-4D1F-97DB-69ADABE1D12A}.Debug|Any CPU.Build.0 = Debug|Any CPU
		{EE04B075-C521-4D1F-97DB-69ADABE1D12A}.Release|Any CPU.ActiveCfg = Release|Any CPU
		{EE04B075-C521-4D1F-97DB-69ADABE1D12A}.Release|Any CPU.Build.0 = Release|Any CPU
		{AFC2DE93-CE12-4D0B-BFE1-D01048748C44}.Debug|Any CPU.ActiveCfg = Debug|Any CPU
		{AFC2DE93-CE12-4D0B-BFE1-D01048748C44}.Debug|Any CPU.Build.0 = Debug|Any CPU
		{AFC2DE93-CE12-4D0B-BFE1-D01048748C44}.Release|Any CPU.ActiveCfg = Release|Any CPU
		{AFC2DE93-CE12-4D0B-BFE1-D01048748C44}.Release|Any CPU.Build.0 = Release|Any CPU
		{BE460FAA-B1DF-4C52-A181-941B4EC5CD89}.Debug|Any CPU.ActiveCfg = Debug|Any CPU
		{BE460FAA-B1DF-4C52-A181-941B4EC5CD89}.Debug|Any CPU.Build.0 = Debug|Any CPU
		{BE460FAA-B1DF-4C52-A181-941B4EC5CD89}.Release|Any CPU.ActiveCfg = Release|Any CPU
		{BE460FAA-B1DF-4C52-A181-941B4EC5CD89}.Release|Any CPU.Build.0 = Release|Any CPU
	EndGlobalSection
	GlobalSection(SolutionProperties) = preSolution
		HideSolutionNode = FALSE
	EndGlobalSection
	GlobalSection(NestedProjects) = preSolution
		{B8E6D01F-78F3-46E6-B015-6525989E15D5} = {3CFEA555-B2DA-4724-B2CC-ADAA3A64B4DE}
		{DD84C3F6-FAC7-48F1-BBFB-30F475105633} = {3CFEA555-B2DA-4724-B2CC-ADAA3A64B4DE}
		{FAF5C64A-BD43-41DD-8174-757ED862908E} = {3CFEA555-B2DA-4724-B2CC-ADAA3A64B4DE}
		{EE04B075-C521-4D1F-97DB-69ADABE1D12A} = {3CFEA555-B2DA-4724-B2CC-ADAA3A64B4DE}
		{AFC2DE93-CE12-4D0B-BFE1-D01048748C44} = {3CFEA555-B2DA-4724-B2CC-ADAA3A64B4DE}
		{BE460FAA-B1DF-4C52-A181-941B4EC5CD89} = {3CFEA555-B2DA-4724-B2CC-ADAA3A64B4DE}
	EndGlobalSection
	GlobalSection(ExtensibilityGlobals) = postSolution
		SolutionGuid = {935F406A-D4AE-463B-B2D3-1A45ED61DDE0}
	EndGlobalSection
EndGlobal
