
Microsoft Visual Studio Solution File, Format Version 12.00
# Visual Studio Version 16
VisualStudioVersion = 16.0.29728.190
MinimumVisualStudioVersion = 10.0.40219.1
Project("{9A19103F-16F7-4668-BE54-9A1E7A4F7556}") = "GesCMS", "GesCMS\GesCMS.csproj", "{BDC4966B-3546-42DF-81BA-0F5DC0B0525E}"
EndProject
Project("{9A19103F-16F7-4668-BE54-9A1E7A4F7556}") = "GesCMS.Data", "GesCMS.Data\GesCMS.Data.csproj", "{6716DF8D-4489-4F8C-AE6C-113DD170A1A5}"
EndProject
Project("{9A19103F-16F7-4668-BE54-9A1E7A4F7556}") = "GesCMS.Repository", "GesCMS.Repository\GesCMS.Repository.csproj", "{BA645828-7D7B-45F3-9AA7-C5B498CE4BFF}"
EndProject
Project("{9A19103F-16F7-4668-BE54-9A1E7A4F7556}") = "GesCMS.Services", "GesCMS.Services\GesCMS.Services.csproj", "{BED3CDD9-93B6-4204-9BD4-652BAE66823D}"
EndProject
Project("{9A19103F-16F7-4668-BE54-9A1E7A4F7556}") = "GesCMS.ViewModels", "GesCMS.ViewModels\GesCMS.ViewModels.csproj", "{03B7E61D-60B5-417F-9027-68BC908FD63A}"
EndProject
Project("{2150E333-8FDC-42A3-9474-1A3956D46DE8}") = "src", "src", "{28ABD517-7AAF-4E20-AF1F-AF58454B2CE3}"
EndProject
Project("{9A19103F-16F7-4668-BE54-9A1E7A4F7556}") = "GesCMS.Core", "GesCMS.Core\GesCMS.Core.csproj", "{C1CEE44A-8B2C-4E31-BA79-71A885CE7C90}"
EndProject
Project("{9A19103F-16F7-4668-BE54-9A1E7A4F7556}") = "GesCMS.Infrastructure", "GesCMS.Infrastructure\GesCMS.Infrastructure.csproj", "{69272B38-C605-429B-8A53-98BB761CD312}"
EndProject
Project("{9A19103F-16F7-4668-BE54-9A1E7A4F7556}") = "GesCMS.SharedKernel", "GesCMS.SharedKernel\GesCMS.SharedKernel.csproj", "{670FB184-5C4B-46BD-A77F-B3CD41D2B47E}"
EndProject
Project("{9A19103F-16F7-4668-BE54-9A1E7A4F7556}") = "GesCMS.WebUI", "GesCMS.WebUI\GesCMS.WebUI.csproj", "{1A54EB56-B1D9-4775-8F83-84D76EDB4C8E}"
EndProject
Project("{9A19103F-16F7-4668-BE54-9A1E7A4F7556}") = "GesCMS.Application", "GesCMS.Application\GesCMS.Application.csproj", "{16495DB0-7464-49CC-B331-266C401BE2E7}"
EndProject
Project("{FAE04EC0-301F-11D3-BF4B-00C04F79EFBC}") = "GesCMS.UI", "GesCMS.UI\GesCMS.UI.csproj", "{DE465C5B-FCD8-4430-B825-337E3E777F5A}"
EndProject
Global
	GlobalSection(SolutionConfigurationPlatforms) = preSolution
		Debug|Any CPU = Debug|Any CPU
		Release|Any CPU = Release|Any CPU
	EndGlobalSection
	GlobalSection(ProjectConfigurationPlatforms) = postSolution
		{BDC4966B-3546-42DF-81BA-0F5DC0B0525E}.Debug|Any CPU.ActiveCfg = Debug|Any CPU
		{BDC4966B-3546-42DF-81BA-0F5DC0B0525E}.Debug|Any CPU.Build.0 = Debug|Any CPU
		{BDC4966B-3546-42DF-81BA-0F5DC0B0525E}.Release|Any CPU.ActiveCfg = Release|Any CPU
		{BDC4966B-3546-42DF-81BA-0F5DC0B0525E}.Release|Any CPU.Build.0 = Release|Any CPU
		{6716DF8D-4489-4F8C-AE6C-113DD170A1A5}.Debug|Any CPU.ActiveCfg = Debug|Any CPU
		{6716DF8D-4489-4F8C-AE6C-113DD170A1A5}.Debug|Any CPU.Build.0 = Debug|Any CPU
		{6716DF8D-4489-4F8C-AE6C-113DD170A1A5}.Release|Any CPU.ActiveCfg = Release|Any CPU
		{6716DF8D-4489-4F8C-AE6C-113DD170A1A5}.Release|Any CPU.Build.0 = Release|Any CPU
		{BA645828-7D7B-45F3-9AA7-C5B498CE4BFF}.Debug|Any CPU.ActiveCfg = Debug|Any CPU
		{BA645828-7D7B-45F3-9AA7-C5B498CE4BFF}.Debug|Any CPU.Build.0 = Debug|Any CPU
		{BA645828-7D7B-45F3-9AA7-C5B498CE4BFF}.Release|Any CPU.ActiveCfg = Release|Any CPU
		{BA645828-7D7B-45F3-9AA7-C5B498CE4BFF}.Release|Any CPU.Build.0 = Release|Any CPU
		{BED3CDD9-93B6-4204-9BD4-652BAE66823D}.Debug|Any CPU.ActiveCfg = Debug|Any CPU
		{BED3CDD9-93B6-4204-9BD4-652BAE66823D}.Debug|Any CPU.Build.0 = Debug|Any CPU
		{BED3CDD9-93B6-4204-9BD4-652BAE66823D}.Release|Any CPU.ActiveCfg = Release|Any CPU
		{BED3CDD9-93B6-4204-9BD4-652BAE66823D}.Release|Any CPU.Build.0 = Release|Any CPU
		{03B7E61D-60B5-417F-9027-68BC908FD63A}.Debug|Any CPU.ActiveCfg = Debug|Any CPU
		{03B7E61D-60B5-417F-9027-68BC908FD63A}.Debug|Any CPU.Build.0 = Debug|Any CPU
		{03B7E61D-60B5-417F-9027-68BC908FD63A}.Release|Any CPU.ActiveCfg = Release|Any CPU
		{03B7E61D-60B5-417F-9027-68BC908FD63A}.Release|Any CPU.Build.0 = Release|Any CPU
		{C1CEE44A-8B2C-4E31-BA79-71A885CE7C90}.Debug|Any CPU.ActiveCfg = Debug|Any CPU
		{C1CEE44A-8B2C-4E31-BA79-71A885CE7C90}.Debug|Any CPU.Build.0 = Debug|Any CPU
		{C1CEE44A-8B2C-4E31-BA79-71A885CE7C90}.Release|Any CPU.ActiveCfg = Release|Any CPU
		{C1CEE44A-8B2C-4E31-BA79-71A885CE7C90}.Release|Any CPU.Build.0 = Release|Any CPU
		{69272B38-C605-429B-8A53-98BB761CD312}.Debug|Any CPU.ActiveCfg = Debug|Any CPU
		{69272B38-C605-429B-8A53-98BB761CD312}.Debug|Any CPU.Build.0 = Debug|Any CPU
		{69272B38-C605-429B-8A53-98BB761CD312}.Release|Any CPU.ActiveCfg = Release|Any CPU
		{69272B38-C605-429B-8A53-98BB761CD312}.Release|Any CPU.Build.0 = Release|Any CPU
		{670FB184-5C4B-46BD-A77F-B3CD41D2B47E}.Debug|Any CPU.ActiveCfg = Debug|Any CPU
		{670FB184-5C4B-46BD-A77F-B3CD41D2B47E}.Debug|Any CPU.Build.0 = Debug|Any CPU
		{670FB184-5C4B-46BD-A77F-B3CD41D2B47E}.Release|Any CPU.ActiveCfg = Release|Any CPU
		{670FB184-5C4B-46BD-A77F-B3CD41D2B47E}.Release|Any CPU.Build.0 = Release|Any CPU
		{1A54EB56-B1D9-4775-8F83-84D76EDB4C8E}.Debug|Any CPU.ActiveCfg = Debug|Any CPU
		{1A54EB56-B1D9-4775-8F83-84D76EDB4C8E}.Debug|Any CPU.Build.0 = Debug|Any CPU
		{1A54EB56-B1D9-4775-8F83-84D76EDB4C8E}.Release|Any CPU.ActiveCfg = Release|Any CPU
		{1A54EB56-B1D9-4775-8F83-84D76EDB4C8E}.Release|Any CPU.Build.0 = Release|Any CPU
		{16495DB0-7464-49CC-B331-266C401BE2E7}.Debug|Any CPU.ActiveCfg = Debug|Any CPU
		{16495DB0-7464-49CC-B331-266C401BE2E7}.Debug|Any CPU.Build.0 = Debug|Any CPU
		{16495DB0-7464-49CC-B331-266C401BE2E7}.Release|Any CPU.ActiveCfg = Release|Any CPU
		{16495DB0-7464-49CC-B331-266C401BE2E7}.Release|Any CPU.Build.0 = Release|Any CPU
		{DE465C5B-FCD8-4430-B825-337E3E777F5A}.Debug|Any CPU.ActiveCfg = Debug|Any CPU
		{DE465C5B-FCD8-4430-B825-337E3E777F5A}.Debug|Any CPU.Build.0 = Debug|Any CPU
		{DE465C5B-FCD8-4430-B825-337E3E777F5A}.Release|Any CPU.ActiveCfg = Release|Any CPU
		{DE465C5B-FCD8-4430-B825-337E3E777F5A}.Release|Any CPU.Build.0 = Release|Any CPU
	EndGlobalSection
	GlobalSection(SolutionProperties) = preSolution
		HideSolutionNode = FALSE
	EndGlobalSection
	GlobalSection(NestedProjects) = preSolution
		{C1CEE44A-8B2C-4E31-BA79-71A885CE7C90} = {28ABD517-7AAF-4E20-AF1F-AF58454B2CE3}
		{69272B38-C605-429B-8A53-98BB761CD312} = {28ABD517-7AAF-4E20-AF1F-AF58454B2CE3}
		{670FB184-5C4B-46BD-A77F-B3CD41D2B47E} = {28ABD517-7AAF-4E20-AF1F-AF58454B2CE3}
		{1A54EB56-B1D9-4775-8F83-84D76EDB4C8E} = {28ABD517-7AAF-4E20-AF1F-AF58454B2CE3}
		{16495DB0-7464-49CC-B331-266C401BE2E7} = {28ABD517-7AAF-4E20-AF1F-AF58454B2CE3}
		{DE465C5B-FCD8-4430-B825-337E3E777F5A} = {28ABD517-7AAF-4E20-AF1F-AF58454B2CE3}
	EndGlobalSection
	GlobalSection(ExtensibilityGlobals) = postSolution
		SolutionGuid = {935F406A-D4AE-463B-B2D3-1A45ED61DDE0}
	EndGlobalSection
EndGlobal
